// !$*UTF8*$!
{
	archiveVersion = 1;
	classes = {
	};
	objectVersion = 56;
	objects = {

/* Begin PBXBuildFile section */
		4152EC3B293E4C2D00174F9F /* AppDelegate.swift in Sources */ = {isa = PBXBuildFile; fileRef = 4152EC3A293E4C2D00174F9F /* AppDelegate.swift */; };
		4152EC3D293E4C2D00174F9F /* SceneDelegate.swift in Sources */ = {isa = PBXBuildFile; fileRef = 4152EC3C293E4C2D00174F9F /* SceneDelegate.swift */; };
		4152EC42293E4C2D00174F9F /* Main.storyboard in Resources */ = {isa = PBXBuildFile; fileRef = 4152EC40293E4C2D00174F9F /* Main.storyboard */; };
		4152EC45293E4C2D00174F9F /* BarclaysAssignment.xcdatamodeld in Sources */ = {isa = PBXBuildFile; fileRef = 4152EC43293E4C2D00174F9F /* BarclaysAssignment.xcdatamodeld */; };
		4152EC47293E4C2E00174F9F /* Assets.xcassets in Resources */ = {isa = PBXBuildFile; fileRef = 4152EC46293E4C2E00174F9F /* Assets.xcassets */; };
		4152EC4A293E4C2E00174F9F /* LaunchScreen.storyboard in Resources */ = {isa = PBXBuildFile; fileRef = 4152EC48293E4C2E00174F9F /* LaunchScreen.storyboard */; };
		4152EC55293E4C2E00174F9F /* BarclaysAssignmentTests.swift in Sources */ = {isa = PBXBuildFile; fileRef = 4152EC54293E4C2E00174F9F /* BarclaysAssignmentTests.swift */; };
		4152EC5F293E4C2E00174F9F /* BarclaysAssignmentUITests.swift in Sources */ = {isa = PBXBuildFile; fileRef = 4152EC5E293E4C2E00174F9F /* BarclaysAssignmentUITests.swift */; };
		4152EC61293E4C2E00174F9F /* BarclaysAssignmentUITestsLaunchTests.swift in Sources */ = {isa = PBXBuildFile; fileRef = 4152EC60293E4C2E00174F9F /* BarclaysAssignmentUITestsLaunchTests.swift */; };
		4152EC70293E63C600174F9F /* TransactionsTableViewCell.swift in Sources */ = {isa = PBXBuildFile; fileRef = 4152EC6E293E63C600174F9F /* TransactionsTableViewCell.swift */; };
		4152EC71293E63C600174F9F /* TransactionsTableViewCell.xib in Resources */ = {isa = PBXBuildFile; fileRef = 4152EC6F293E63C600174F9F /* TransactionsTableViewCell.xib */; };
		4152EC81293F0B8200174F9F /* TransactionListViewModel.swift in Sources */ = {isa = PBXBuildFile; fileRef = 4152EC80293F0B8200174F9F /* TransactionListViewModel.swift */; };
		4152EC84293F0B9D00174F9F /* Transaction.swift in Sources */ = {isa = PBXBuildFile; fileRef = 4152EC83293F0B9D00174F9F /* Transaction.swift */; };
		4152EC87293F11FA00174F9F /* Transactions.json in Resources */ = {isa = PBXBuildFile; fileRef = 4152EC86293F11FA00174F9F /* Transactions.json */; };
		4152EC8A293F13AF00174F9F /* TransactionListViewController.swift in Sources */ = {isa = PBXBuildFile; fileRef = 4152EC88293F13AF00174F9F /* TransactionListViewController.swift */; };
		415AFD5F293FB6F900BE9EBB /* AdditionalDetailsTableViewCell.swift in Sources */ = {isa = PBXBuildFile; fileRef = 415AFD5D293FB6F900BE9EBB /* AdditionalDetailsTableViewCell.swift */; };
		415AFD60293FB6F900BE9EBB /* AdditionalDetailsTableViewCell.xib in Resources */ = {isa = PBXBuildFile; fileRef = 415AFD5E293FB6F900BE9EBB /* AdditionalDetailsTableViewCell.xib */; };
		415AFD62293FB96B00BE9EBB /* UIUtility.swift in Sources */ = {isa = PBXBuildFile; fileRef = 415AFD61293FB96B00BE9EBB /* UIUtility.swift */; };
		415AFD642940B9D100BE9EBB /* Handler.swift in Sources */ = {isa = PBXBuildFile; fileRef = 415AFD632940B9D100BE9EBB /* Handler.swift */; };
		415AFD662940BB3C00BE9EBB /* parseJsonHandler.swift in Sources */ = {isa = PBXBuildFile; fileRef = 415AFD652940BB3C00BE9EBB /* parseJsonHandler.swift */; };
		41EA6B81293F677E0059B107 /* TransactionHelper.swift in Sources */ = {isa = PBXBuildFile; fileRef = 41EA6B80293F677E0059B107 /* TransactionHelper.swift */; };
		41EA6B86293F8BB40059B107 /* ScreenManager.swift in Sources */ = {isa = PBXBuildFile; fileRef = 41EA6B85293F8BB40059B107 /* ScreenManager.swift */; };
		41EA6B8D293F99060059B107 /* TransactionDetailsViewController.swift in Sources */ = {isa = PBXBuildFile; fileRef = 41EA6B8B293F99060059B107 /* TransactionDetailsViewController.swift */; };
		41EA6B8E293F99060059B107 /* TransactionDetailsViewController.xib in Resources */ = {isa = PBXBuildFile; fileRef = 41EA6B8C293F99060059B107 /* TransactionDetailsViewController.xib */; };
/* End PBXBuildFile section */

/* Begin PBXContainerItemProxy section */
		4152EC51293E4C2E00174F9F /* PBXContainerItemProxy */ = {
			isa = PBXContainerItemProxy;
			containerPortal = 4152EC2F293E4C2D00174F9F /* Project object */;
			proxyType = 1;
			remoteGlobalIDString = 4152EC36293E4C2D00174F9F;
			remoteInfo = BarclaysAssignment;
		};
		4152EC5B293E4C2E00174F9F /* PBXContainerItemProxy */ = {
			isa = PBXContainerItemProxy;
			containerPortal = 4152EC2F293E4C2D00174F9F /* Project object */;
			proxyType = 1;
			remoteGlobalIDString = 4152EC36293E4C2D00174F9F;
			remoteInfo = BarclaysAssignment;
		};
/* End PBXContainerItemProxy section */

/* Begin PBXFileReference section */
		4152EC37293E4C2D00174F9F /* BarclaysAssignment.app */ = {isa = PBXFileReference; explicitFileType = wrapper.application; includeInIndex = 0; path = BarclaysAssignment.app; sourceTree = BUILT_PRODUCTS_DIR; };
		4152EC3A293E4C2D00174F9F /* AppDelegate.swift */ = {isa = PBXFileReference; lastKnownFileType = sourcecode.swift; path = AppDelegate.swift; sourceTree = "<group>"; };
		4152EC3C293E4C2D00174F9F /* SceneDelegate.swift */ = {isa = PBXFileReference; lastKnownFileType = sourcecode.swift; path = SceneDelegate.swift; sourceTree = "<group>"; };
		4152EC41293E4C2D00174F9F /* Base */ = {isa = PBXFileReference; lastKnownFileType = file.storyboard; name = Base; path = Base.lproj/Main.storyboard; sourceTree = "<group>"; };
		4152EC44293E4C2D00174F9F /* BarclaysAssignment.xcdatamodel */ = {isa = PBXFileReference; lastKnownFileType = wrapper.xcdatamodel; path = BarclaysAssignment.xcdatamodel; sourceTree = "<group>"; };
		4152EC46293E4C2E00174F9F /* Assets.xcassets */ = {isa = PBXFileReference; lastKnownFileType = folder.assetcatalog; path = Assets.xcassets; sourceTree = "<group>"; };
		4152EC49293E4C2E00174F9F /* Base */ = {isa = PBXFileReference; lastKnownFileType = file.storyboard; name = Base; path = Base.lproj/LaunchScreen.storyboard; sourceTree = "<group>"; };
		4152EC4B293E4C2E00174F9F /* Info.plist */ = {isa = PBXFileReference; lastKnownFileType = text.plist.xml; path = Info.plist; sourceTree = "<group>"; };
		4152EC50293E4C2E00174F9F /* BarclaysAssignmentTests.xctest */ = {isa = PBXFileReference; explicitFileType = wrapper.cfbundle; includeInIndex = 0; path = BarclaysAssignmentTests.xctest; sourceTree = BUILT_PRODUCTS_DIR; };
		4152EC54293E4C2E00174F9F /* BarclaysAssignmentTests.swift */ = {isa = PBXFileReference; lastKnownFileType = sourcecode.swift; path = BarclaysAssignmentTests.swift; sourceTree = "<group>"; };
		4152EC5A293E4C2E00174F9F /* BarclaysAssignmentUITests.xctest */ = {isa = PBXFileReference; explicitFileType = wrapper.cfbundle; includeInIndex = 0; path = BarclaysAssignmentUITests.xctest; sourceTree = BUILT_PRODUCTS_DIR; };
		4152EC5E293E4C2E00174F9F /* BarclaysAssignmentUITests.swift */ = {isa = PBXFileReference; lastKnownFileType = sourcecode.swift; path = BarclaysAssignmentUITests.swift; sourceTree = "<group>"; };
		4152EC60293E4C2E00174F9F /* BarclaysAssignmentUITestsLaunchTests.swift */ = {isa = PBXFileReference; lastKnownFileType = sourcecode.swift; path = BarclaysAssignmentUITestsLaunchTests.swift; sourceTree = "<group>"; };
		4152EC6E293E63C600174F9F /* TransactionsTableViewCell.swift */ = {isa = PBXFileReference; lastKnownFileType = sourcecode.swift; path = TransactionsTableViewCell.swift; sourceTree = "<group>"; };
		4152EC6F293E63C600174F9F /* TransactionsTableViewCell.xib */ = {isa = PBXFileReference; lastKnownFileType = file.xib; path = TransactionsTableViewCell.xib; sourceTree = "<group>"; };
		4152EC80293F0B8200174F9F /* TransactionListViewModel.swift */ = {isa = PBXFileReference; lastKnownFileType = sourcecode.swift; path = TransactionListViewModel.swift; sourceTree = "<group>"; };
		4152EC83293F0B9D00174F9F /* Transaction.swift */ = {isa = PBXFileReference; lastKnownFileType = sourcecode.swift; path = Transaction.swift; sourceTree = "<group>"; };
		4152EC86293F11FA00174F9F /* Transactions.json */ = {isa = PBXFileReference; fileEncoding = 4; lastKnownFileType = text.json; path = Transactions.json; sourceTree = "<group>"; };
		4152EC88293F13AF00174F9F /* TransactionListViewController.swift */ = {isa = PBXFileReference; lastKnownFileType = sourcecode.swift; path = TransactionListViewController.swift; sourceTree = "<group>"; };
		415AFD5D293FB6F900BE9EBB /* AdditionalDetailsTableViewCell.swift */ = {isa = PBXFileReference; lastKnownFileType = sourcecode.swift; path = AdditionalDetailsTableViewCell.swift; sourceTree = "<group>"; };
		415AFD5E293FB6F900BE9EBB /* AdditionalDetailsTableViewCell.xib */ = {isa = PBXFileReference; lastKnownFileType = file.xib; path = AdditionalDetailsTableViewCell.xib; sourceTree = "<group>"; };
		415AFD61293FB96B00BE9EBB /* UIUtility.swift */ = {isa = PBXFileReference; lastKnownFileType = sourcecode.swift; path = UIUtility.swift; sourceTree = "<group>"; };
		415AFD632940B9D100BE9EBB /* Handler.swift */ = {isa = PBXFileReference; lastKnownFileType = sourcecode.swift; path = Handler.swift; sourceTree = "<group>"; };
		415AFD652940BB3C00BE9EBB /* parseJsonHandler.swift */ = {isa = PBXFileReference; lastKnownFileType = sourcecode.swift; path = parseJsonHandler.swift; sourceTree = "<group>"; };
		41EA6B80293F677E0059B107 /* TransactionHelper.swift */ = {isa = PBXFileReference; lastKnownFileType = sourcecode.swift; path = TransactionHelper.swift; sourceTree = "<group>"; };
		41EA6B85293F8BB40059B107 /* ScreenManager.swift */ = {isa = PBXFileReference; lastKnownFileType = sourcecode.swift; path = ScreenManager.swift; sourceTree = "<group>"; };
		41EA6B8B293F99060059B107 /* TransactionDetailsViewController.swift */ = {isa = PBXFileReference; lastKnownFileType = sourcecode.swift; path = TransactionDetailsViewController.swift; sourceTree = "<group>"; };
		41EA6B8C293F99060059B107 /* TransactionDetailsViewController.xib */ = {isa = PBXFileReference; lastKnownFileType = file.xib; path = TransactionDetailsViewController.xib; sourceTree = "<group>"; };
/* End PBXFileReference section */

/* Begin PBXFrameworksBuildPhase section */
		4152EC34293E4C2D00174F9F /* Frameworks */ = {
			isa = PBXFrameworksBuildPhase;
			buildActionMask = 2147483647;
			files = (
			);
			runOnlyForDeploymentPostprocessing = 0;
		};
		4152EC4D293E4C2E00174F9F /* Frameworks */ = {
			isa = PBXFrameworksBuildPhase;
			buildActionMask = 2147483647;
			files = (
			);
			runOnlyForDeploymentPostprocessing = 0;
		};
		4152EC57293E4C2E00174F9F /* Frameworks */ = {
			isa = PBXFrameworksBuildPhase;
			buildActionMask = 2147483647;
			files = (
			);
			runOnlyForDeploymentPostprocessing = 0;
		};
/* End PBXFrameworksBuildPhase section */

/* Begin PBXGroup section */
		4152EC2E293E4C2D00174F9F = {
			isa = PBXGroup;
			children = (
				4152EC39293E4C2D00174F9F /* BarclaysAssignment */,
				4152EC53293E4C2E00174F9F /* BarclaysAssignmentTests */,
				4152EC5D293E4C2E00174F9F /* BarclaysAssignmentUITests */,
				4152EC38293E4C2D00174F9F /* Products */,
			);
			sourceTree = "<group>";
		};
		4152EC38293E4C2D00174F9F /* Products */ = {
			isa = PBXGroup;
			children = (
				4152EC37293E4C2D00174F9F /* BarclaysAssignment.app */,
				4152EC50293E4C2E00174F9F /* BarclaysAssignmentTests.xctest */,
				4152EC5A293E4C2E00174F9F /* BarclaysAssignmentUITests.xctest */,
			);
			name = Products;
			sourceTree = "<group>";
		};
		4152EC39293E4C2D00174F9F /* BarclaysAssignment */ = {
			isa = PBXGroup;
			children = (
				41EA6B87293F98660059B107 /* TransactionDetails */,
				4152EC3A293E4C2D00174F9F /* AppDelegate.swift */,
				4152EC86293F11FA00174F9F /* Transactions.json */,
				4152EC85293F11E600174F9F /* JSONUtils */,
				4152EC76293F09EC00174F9F /* TransactionList */,
				4152EC3C293E4C2D00174F9F /* SceneDelegate.swift */,
				4152EC6D293E637F00174F9F /* UITableViewCell */,
				4152EC40293E4C2D00174F9F /* Main.storyboard */,
				4152EC46293E4C2E00174F9F /* Assets.xcassets */,
				4152EC48293E4C2E00174F9F /* LaunchScreen.storyboard */,
				4152EC4B293E4C2E00174F9F /* Info.plist */,
				4152EC43293E4C2D00174F9F /* BarclaysAssignment.xcdatamodeld */,
				41EA6B84293F8B9F0059B107 /* Utility */,
			);
			path = BarclaysAssignment;
			sourceTree = "<group>";
		};
		4152EC53293E4C2E00174F9F /* BarclaysAssignmentTests */ = {
			isa = PBXGroup;
			children = (
				4152EC54293E4C2E00174F9F /* BarclaysAssignmentTests.swift */,
			);
			path = BarclaysAssignmentTests;
			sourceTree = "<group>";
		};
		4152EC5D293E4C2E00174F9F /* BarclaysAssignmentUITests */ = {
			isa = PBXGroup;
			children = (
				4152EC5E293E4C2E00174F9F /* BarclaysAssignmentUITests.swift */,
				4152EC60293E4C2E00174F9F /* BarclaysAssignmentUITestsLaunchTests.swift */,
			);
			path = BarclaysAssignmentUITests;
			sourceTree = "<group>";
		};
		4152EC6D293E637F00174F9F /* UITableViewCell */ = {
			isa = PBXGroup;
			children = (
				4152EC6E293E63C600174F9F /* TransactionsTableViewCell.swift */,
				4152EC6F293E63C600174F9F /* TransactionsTableViewCell.xib */,
				415AFD5D293FB6F900BE9EBB /* AdditionalDetailsTableViewCell.swift */,
				415AFD5E293FB6F900BE9EBB /* AdditionalDetailsTableViewCell.xib */,
			);
			path = UITableViewCell;
			sourceTree = "<group>";
		};
		4152EC76293F09EC00174F9F /* TransactionList */ = {
			isa = PBXGroup;
			children = (
				4152EC82293F0B8800174F9F /* Model */,
				4152EC7F293F0B6F00174F9F /* ViewModel */,
				4152EC7E293F0B6200174F9F /* View */,
			);
			path = TransactionList;
			sourceTree = "<group>";
		};
		4152EC7E293F0B6200174F9F /* View */ = {
			isa = PBXGroup;
			children = (
				4152EC88293F13AF00174F9F /* TransactionListViewController.swift */,
			);
			path = View;
			sourceTree = "<group>";
		};
		4152EC7F293F0B6F00174F9F /* ViewModel */ = {
			isa = PBXGroup;
			children = (
				4152EC80293F0B8200174F9F /* TransactionListViewModel.swift */,
			);
			path = ViewModel;
			sourceTree = "<group>";
		};
		4152EC82293F0B8800174F9F /* Model */ = {
			isa = PBXGroup;
			children = (
				4152EC83293F0B9D00174F9F /* Transaction.swift */,
			);
			path = Model;
			sourceTree = "<group>";
		};
		4152EC85293F11E600174F9F /* JSONUtils */ = {
			isa = PBXGroup;
			children = (
				415AFD632940B9D100BE9EBB /* Handler.swift */,
				41EA6B80293F677E0059B107 /* TransactionHelper.swift */,
				415AFD652940BB3C00BE9EBB /* parseJsonHandler.swift */,
			);
			path = JSONUtils;
			sourceTree = "<group>";
		};
		41EA6B84293F8B9F0059B107 /* Utility */ = {
			isa = PBXGroup;
			children = (
				41EA6B85293F8BB40059B107 /* ScreenManager.swift */,
				415AFD61293FB96B00BE9EBB /* UIUtility.swift */,
			);
			path = Utility;
			sourceTree = "<group>";
		};
		41EA6B87293F98660059B107 /* TransactionDetails */ = {
			isa = PBXGroup;
			children = (
				41EA6B89293F98830059B107 /* ViewModel */,
				41EA6B88293F987B0059B107 /* View */,
			);
			path = TransactionDetails;
			sourceTree = "<group>";
		};
		41EA6B88293F987B0059B107 /* View */ = {
			isa = PBXGroup;
			children = (
				41EA6B8B293F99060059B107 /* TransactionDetailsViewController.swift */,
				41EA6B8C293F99060059B107 /* TransactionDetailsViewController.xib */,
			);
			path = View;
			sourceTree = "<group>";
		};
		41EA6B89293F98830059B107 /* ViewModel */ = {
			isa = PBXGroup;
			children = (
			);
			path = ViewModel;
			sourceTree = "<group>";
		};
/* End PBXGroup section */

/* Begin PBXNativeTarget section */
		4152EC36293E4C2D00174F9F /* BarclaysAssignment */ = {
			isa = PBXNativeTarget;
			buildConfigurationList = 4152EC64293E4C2E00174F9F /* Build configuration list for PBXNativeTarget "BarclaysAssignment" */;
			buildPhases = (
				4152EC33293E4C2D00174F9F /* Sources */,
				4152EC34293E4C2D00174F9F /* Frameworks */,
				4152EC35293E4C2D00174F9F /* Resources */,
			);
			buildRules = (
			);
			dependencies = (
			);
			name = BarclaysAssignment;
			productName = BarclaysAssignment;
			productReference = 4152EC37293E4C2D00174F9F /* BarclaysAssignment.app */;
			productType = "com.apple.product-type.application";
		};
		4152EC4F293E4C2E00174F9F /* BarclaysAssignmentTests */ = {
			isa = PBXNativeTarget;
			buildConfigurationList = 4152EC67293E4C2E00174F9F /* Build configuration list for PBXNativeTarget "BarclaysAssignmentTests" */;
			buildPhases = (
				4152EC4C293E4C2E00174F9F /* Sources */,
				4152EC4D293E4C2E00174F9F /* Frameworks */,
				4152EC4E293E4C2E00174F9F /* Resources */,
			);
			buildRules = (
			);
			dependencies = (
				4152EC52293E4C2E00174F9F /* PBXTargetDependency */,
			);
			name = BarclaysAssignmentTests;
			productName = BarclaysAssignmentTests;
			productReference = 4152EC50293E4C2E00174F9F /* BarclaysAssignmentTests.xctest */;
			productType = "com.apple.product-type.bundle.unit-test";
		};
		4152EC59293E4C2E00174F9F /* BarclaysAssignmentUITests */ = {
			isa = PBXNativeTarget;
			buildConfigurationList = 4152EC6A293E4C2E00174F9F /* Build configuration list for PBXNativeTarget "BarclaysAssignmentUITests" */;
			buildPhases = (
				4152EC56293E4C2E00174F9F /* Sources */,
				4152EC57293E4C2E00174F9F /* Frameworks */,
				4152EC58293E4C2E00174F9F /* Resources */,
			);
			buildRules = (
			);
			dependencies = (
				4152EC5C293E4C2E00174F9F /* PBXTargetDependency */,
			);
			name = BarclaysAssignmentUITests;
			productName = BarclaysAssignmentUITests;
			productReference = 4152EC5A293E4C2E00174F9F /* BarclaysAssignmentUITests.xctest */;
			productType = "com.apple.product-type.bundle.ui-testing";
		};
/* End PBXNativeTarget section */

/* Begin PBXProject section */
		4152EC2F293E4C2D00174F9F /* Project object */ = {
			isa = PBXProject;
			attributes = {
				BuildIndependentTargetsInParallel = 1;
				LastSwiftUpdateCheck = 1400;
				LastUpgradeCheck = 1400;
				TargetAttributes = {
					4152EC36293E4C2D00174F9F = {
						CreatedOnToolsVersion = 14.0;
					};
					4152EC4F293E4C2E00174F9F = {
						CreatedOnToolsVersion = 14.0;
						TestTargetID = 4152EC36293E4C2D00174F9F;
					};
					4152EC59293E4C2E00174F9F = {
						CreatedOnToolsVersion = 14.0;
						TestTargetID = 4152EC36293E4C2D00174F9F;
					};
				};
			};
			buildConfigurationList = 4152EC32293E4C2D00174F9F /* Build configuration list for PBXProject "BarclaysAssignment" */;
			compatibilityVersion = "Xcode 14.0";
			developmentRegion = en;
			hasScannedForEncodings = 0;
			knownRegions = (
				en,
				Base,
			);
			mainGroup = 4152EC2E293E4C2D00174F9F;
			productRefGroup = 4152EC38293E4C2D00174F9F /* Products */;
			projectDirPath = "";
			projectRoot = "";
			targets = (
				4152EC36293E4C2D00174F9F /* BarclaysAssignment */,
				4152EC4F293E4C2E00174F9F /* BarclaysAssignmentTests */,
				4152EC59293E4C2E00174F9F /* BarclaysAssignmentUITests */,
			);
		};
/* End PBXProject section */

/* Begin PBXResourcesBuildPhase section */
		4152EC35293E4C2D00174F9F /* Resources */ = {
			isa = PBXResourcesBuildPhase;
			buildActionMask = 2147483647;
			files = (
				41EA6B8E293F99060059B107 /* TransactionDetailsViewController.xib in Resources */,
				4152EC4A293E4C2E00174F9F /* LaunchScreen.storyboard in Resources */,
				4152EC47293E4C2E00174F9F /* Assets.xcassets in Resources */,
				4152EC87293F11FA00174F9F /* Transactions.json in Resources */,
				4152EC71293E63C600174F9F /* TransactionsTableViewCell.xib in Resources */,
				4152EC42293E4C2D00174F9F /* Main.storyboard in Resources */,
				415AFD60293FB6F900BE9EBB /* AdditionalDetailsTableViewCell.xib in Resources */,
			);
			runOnlyForDeploymentPostprocessing = 0;
		};
		4152EC4E293E4C2E00174F9F /* Resources */ = {
			isa = PBXResourcesBuildPhase;
			buildActionMask = 2147483647;
			files = (
			);
			runOnlyForDeploymentPostprocessing = 0;
		};
		4152EC58293E4C2E00174F9F /* Resources */ = {
			isa = PBXResourcesBuildPhase;
			buildActionMask = 2147483647;
			files = (
			);
			runOnlyForDeploymentPostprocessing = 0;
		};
/* End PBXResourcesBuildPhase section */

/* Begin PBXSourcesBuildPhase section */
		4152EC33293E4C2D00174F9F /* Sources */ = {
			isa = PBXSourcesBuildPhase;
			buildActionMask = 2147483647;
			files = (
				415AFD642940B9D100BE9EBB /* Handler.swift in Sources */,
				41EA6B8D293F99060059B107 /* TransactionDetailsViewController.swift in Sources */,
				41EA6B86293F8BB40059B107 /* ScreenManager.swift in Sources */,
				4152EC45293E4C2D00174F9F /* BarclaysAssignment.xcdatamodeld in Sources */,
				4152EC70293E63C600174F9F /* TransactionsTableViewCell.swift in Sources */,
				415AFD5F293FB6F900BE9EBB /* AdditionalDetailsTableViewCell.swift in Sources */,
				4152EC3B293E4C2D00174F9F /* AppDelegate.swift in Sources */,
				415AFD62293FB96B00BE9EBB /* UIUtility.swift in Sources */,
				4152EC3D293E4C2D00174F9F /* SceneDelegate.swift in Sources */,
				4152EC81293F0B8200174F9F /* TransactionListViewModel.swift in Sources */,
				4152EC8A293F13AF00174F9F /* TransactionListViewController.swift in Sources */,
				41EA6B81293F677E0059B107 /* TransactionHelper.swift in Sources */,
				415AFD662940BB3C00BE9EBB /* parseJsonHandler.swift in Sources */,
				4152EC84293F0B9D00174F9F /* Transaction.swift in Sources */,
			);
			runOnlyForDeploymentPostprocessing = 0;
		};
		4152EC4C293E4C2E00174F9F /* Sources */ = {
			isa = PBXSourcesBuildPhase;
			buildActionMask = 2147483647;
			files = (
				4152EC55293E4C2E00174F9F /* BarclaysAssignmentTests.swift in Sources */,
			);
			runOnlyForDeploymentPostprocessing = 0;
		};
		4152EC56293E4C2E00174F9F /* Sources */ = {
			isa = PBXSourcesBuildPhase;
			buildActionMask = 2147483647;
			files = (
				4152EC61293E4C2E00174F9F /* BarclaysAssignmentUITestsLaunchTests.swift in Sources */,
				4152EC5F293E4C2E00174F9F /* BarclaysAssignmentUITests.swift in Sources */,
			);
			runOnlyForDeploymentPostprocessing = 0;
		};
/* End PBXSourcesBuildPhase section */

/* Begin PBXTargetDependency section */
		4152EC52293E4C2E00174F9F /* PBXTargetDependency */ = {
			isa = PBXTargetDependency;
			target = 4152EC36293E4C2D00174F9F /* BarclaysAssignment */;
			targetProxy = 4152EC51293E4C2E00174F9F /* PBXContainerItemProxy */;
		};
		4152EC5C293E4C2E00174F9F /* PBXTargetDependency */ = {
			isa = PBXTargetDependency;
			target = 4152EC36293E4C2D00174F9F /* BarclaysAssignment */;
			targetProxy = 4152EC5B293E4C2E00174F9F /* PBXContainerItemProxy */;
		};
/* End PBXTargetDependency section */

/* Begin PBXVariantGroup section */
		4152EC40293E4C2D00174F9F /* Main.storyboard */ = {
			isa = PBXVariantGroup;
			children = (
				4152EC41293E4C2D00174F9F /* Base */,
			);
			name = Main.storyboard;
			sourceTree = "<group>";
		};
		4152EC48293E4C2E00174F9F /* LaunchScreen.storyboard */ = {
			isa = PBXVariantGroup;
			children = (
				4152EC49293E4C2E00174F9F /* Base */,
			);
			name = LaunchScreen.storyboard;
			sourceTree = "<group>";
		};
/* End PBXVariantGroup section */

/* Begin XCBuildConfiguration section */
		4152EC62293E4C2E00174F9F /* Debug */ = {
			isa = XCBuildConfiguration;
			buildSettings = {
				ALWAYS_SEARCH_USER_PATHS = NO;
				CLANG_ANALYZER_NONNULL = YES;
				CLANG_ANALYZER_NUMBER_OBJECT_CONVERSION = YES_AGGRESSIVE;
				CLANG_CXX_LANGUAGE_STANDARD = "gnu++20";
				CLANG_ENABLE_MODULES = YES;
				CLANG_ENABLE_OBJC_ARC = YES;
				CLANG_ENABLE_OBJC_WEAK = YES;
				CLANG_WARN_BLOCK_CAPTURE_AUTORELEASING = YES;
				CLANG_WARN_BOOL_CONVERSION = YES;
				CLANG_WARN_COMMA = YES;
				CLANG_WARN_CONSTANT_CONVERSION = YES;
				CLANG_WARN_DEPRECATED_OBJC_IMPLEMENTATIONS = YES;
				CLANG_WARN_DIRECT_OBJC_ISA_USAGE = YES_ERROR;
				CLANG_WARN_DOCUMENTATION_COMMENTS = YES;
				CLANG_WARN_EMPTY_BODY = YES;
				CLANG_WARN_ENUM_CONVERSION = YES;
				CLANG_WARN_INFINITE_RECURSION = YES;
				CLANG_WARN_INT_CONVERSION = YES;
				CLANG_WARN_NON_LITERAL_NULL_CONVERSION = YES;
				CLANG_WARN_OBJC_IMPLICIT_RETAIN_SELF = YES;
				CLANG_WARN_OBJC_LITERAL_CONVERSION = YES;
				CLANG_WARN_OBJC_ROOT_CLASS = YES_ERROR;
				CLANG_WARN_QUOTED_INCLUDE_IN_FRAMEWORK_HEADER = YES;
				CLANG_WARN_RANGE_LOOP_ANALYSIS = YES;
				CLANG_WARN_STRICT_PROTOTYPES = YES;
				CLANG_WARN_SUSPICIOUS_MOVE = YES;
				CLANG_WARN_UNGUARDED_AVAILABILITY = YES_AGGRESSIVE;
				CLANG_WARN_UNREACHABLE_CODE = YES;
				CLANG_WARN__DUPLICATE_METHOD_MATCH = YES;
				COPY_PHASE_STRIP = NO;
				DEBUG_INFORMATION_FORMAT = dwarf;
				ENABLE_STRICT_OBJC_MSGSEND = YES;
				ENABLE_TESTABILITY = YES;
				GCC_C_LANGUAGE_STANDARD = gnu11;
				GCC_DYNAMIC_NO_PIC = NO;
				GCC_NO_COMMON_BLOCKS = YES;
				GCC_OPTIMIZATION_LEVEL = 0;
				GCC_PREPROCESSOR_DEFINITIONS = (
					"DEBUG=1",
					"$(inherited)",
				);
				GCC_WARN_64_TO_32_BIT_CONVERSION = YES;
				GCC_WARN_ABOUT_RETURN_TYPE = YES_ERROR;
				GCC_WARN_UNDECLARED_SELECTOR = YES;
				GCC_WARN_UNINITIALIZED_AUTOS = YES_AGGRESSIVE;
				GCC_WARN_UNUSED_FUNCTION = YES;
				GCC_WARN_UNUSED_VARIABLE = YES;
				IPHONEOS_DEPLOYMENT_TARGET = 16.0;
				MTL_ENABLE_DEBUG_INFO = INCLUDE_SOURCE;
				MTL_FAST_MATH = YES;
				ONLY_ACTIVE_ARCH = YES;
				SDKROOT = iphoneos;
				SWIFT_ACTIVE_COMPILATION_CONDITIONS = DEBUG;
				SWIFT_OPTIMIZATION_LEVEL = "-Onone";
			};
			name = Debug;
		};
		4152EC63293E4C2E00174F9F /* Release */ = {
			isa = XCBuildConfiguration;
			buildSettings = {
				ALWAYS_SEARCH_USER_PATHS = NO;
				CLANG_ANALYZER_NONNULL = YES;
				CLANG_ANALYZER_NUMBER_OBJECT_CONVERSION = YES_AGGRESSIVE;
				CLANG_CXX_LANGUAGE_STANDARD = "gnu++20";
				CLANG_ENABLE_MODULES = YES;
				CLANG_ENABLE_OBJC_ARC = YES;
				CLANG_ENABLE_OBJC_WEAK = YES;
				CLANG_WARN_BLOCK_CAPTURE_AUTORELEASING = YES;
				CLANG_WARN_BOOL_CONVERSION = YES;
				CLANG_WARN_COMMA = YES;
				CLANG_WARN_CONSTANT_CONVERSION = YES;
				CLANG_WARN_DEPRECATED_OBJC_IMPLEMENTATIONS = YES;
				CLANG_WARN_DIRECT_OBJC_ISA_USAGE = YES_ERROR;
				CLANG_WARN_DOCUMENTATION_COMMENTS = YES;
				CLANG_WARN_EMPTY_BODY = YES;
				CLANG_WARN_ENUM_CONVERSION = YES;
				CLANG_WARN_INFINITE_RECURSION = YES;
				CLANG_WARN_INT_CONVERSION = YES;
				CLANG_WARN_NON_LITERAL_NULL_CONVERSION = YES;
				CLANG_WARN_OBJC_IMPLICIT_RETAIN_SELF = YES;
				CLANG_WARN_OBJC_LITERAL_CONVERSION = YES;
				CLANG_WARN_OBJC_ROOT_CLASS = YES_ERROR;
				CLANG_WARN_QUOTED_INCLUDE_IN_FRAMEWORK_HEADER = YES;
				CLANG_WARN_RANGE_LOOP_ANALYSIS = YES;
				CLANG_WARN_STRICT_PROTOTYPES = YES;
				CLANG_WARN_SUSPICIOUS_MOVE = YES;
				CLANG_WARN_UNGUARDED_AVAILABILITY = YES_AGGRESSIVE;
				CLANG_WARN_UNREACHABLE_CODE = YES;
				CLANG_WARN__DUPLICATE_METHOD_MATCH = YES;
				COPY_PHASE_STRIP = NO;
				DEBUG_INFORMATION_FORMAT = "dwarf-with-dsym";
				ENABLE_NS_ASSERTIONS = NO;
				ENABLE_STRICT_OBJC_MSGSEND = YES;
				GCC_C_LANGUAGE_STANDARD = gnu11;
				GCC_NO_COMMON_BLOCKS = YES;
				GCC_WARN_64_TO_32_BIT_CONVERSION = YES;
				GCC_WARN_ABOUT_RETURN_TYPE = YES_ERROR;
				GCC_WARN_UNDECLARED_SELECTOR = YES;
				GCC_WARN_UNINITIALIZED_AUTOS = YES_AGGRESSIVE;
				GCC_WARN_UNUSED_FUNCTION = YES;
				GCC_WARN_UNUSED_VARIABLE = YES;
				IPHONEOS_DEPLOYMENT_TARGET = 16.0;
				MTL_ENABLE_DEBUG_INFO = NO;
				MTL_FAST_MATH = YES;
				SDKROOT = iphoneos;
				SWIFT_COMPILATION_MODE = wholemodule;
				SWIFT_OPTIMIZATION_LEVEL = "-O";
				VALIDATE_PRODUCT = YES;
			};
			name = Release;
		};
		4152EC65293E4C2E00174F9F /* Debug */ = {
			isa = XCBuildConfiguration;
			buildSettings = {
				ASSETCATALOG_COMPILER_APPICON_NAME = AppIcon;
				ASSETCATALOG_COMPILER_GLOBAL_ACCENT_COLOR_NAME = AccentColor;
				CODE_SIGN_STYLE = Automatic;
				CURRENT_PROJECT_VERSION = 1;
				GENERATE_INFOPLIST_FILE = YES;
				INFOPLIST_FILE = BarclaysAssignment/Info.plist;
				INFOPLIST_KEY_UIApplicationSupportsIndirectInputEvents = YES;
				INFOPLIST_KEY_UILaunchStoryboardName = LaunchScreen;
				INFOPLIST_KEY_UIMainStoryboardFile = Main;
				INFOPLIST_KEY_UISupportedInterfaceOrientations_iPad = "UIInterfaceOrientationPortrait UIInterfaceOrientationPortraitUpsideDown UIInterfaceOrientationLandscapeLeft UIInterfaceOrientationLandscapeRight";
				INFOPLIST_KEY_UISupportedInterfaceOrientations_iPhone = "UIInterfaceOrientationPortrait UIInterfaceOrientationLandscapeLeft UIInterfaceOrientationLandscapeRight";
				LD_RUNPATH_SEARCH_PATHS = (
					"$(inherited)",
					"@executable_path/Frameworks",
				);
				MARKETING_VERSION = 1.0;
				PRODUCT_BUNDLE_IDENTIFIER = bhavana.BarclaysAssignment;
				PRODUCT_NAME = "$(TARGET_NAME)";
				SWIFT_EMIT_LOC_STRINGS = YES;
				SWIFT_VERSION = 5.0;
				TARGETED_DEVICE_FAMILY = "1,2";
			};
			name = Debug;
		};
		4152EC66293E4C2E00174F9F /* Release */ = {
			isa = XCBuildConfiguration;
			buildSettings = {
				ASSETCATALOG_COMPILER_APPICON_NAME = AppIcon;
				ASSETCATALOG_COMPILER_GLOBAL_ACCENT_COLOR_NAME = AccentColor;
				CODE_SIGN_STYLE = Automatic;
				CURRENT_PROJECT_VERSION = 1;
				GENERATE_INFOPLIST_FILE = YES;
				INFOPLIST_FILE = BarclaysAssignment/Info.plist;
				INFOPLIST_KEY_UIApplicationSupportsIndirectInputEvents = YES;
				INFOPLIST_KEY_UILaunchStoryboardName = LaunchScreen;
				INFOPLIST_KEY_UIMainStoryboardFile = Main;
				INFOPLIST_KEY_UISupportedInterfaceOrientations_iPad = "UIInterfaceOrientationPortrait UIInterfaceOrientationPortraitUpsideDown UIInterfaceOrientationLandscapeLeft UIInterfaceOrientationLandscapeRight";
				INFOPLIST_KEY_UISupportedInterfaceOrientations_iPhone = "UIInterfaceOrientationPortrait UIInterfaceOrientationLandscapeLeft UIInterfaceOrientationLandscapeRight";
				LD_RUNPATH_SEARCH_PATHS = (
					"$(inherited)",
					"@executable_path/Frameworks",
				);
				MARKETING_VERSION = 1.0;
				PRODUCT_BUNDLE_IDENTIFIER = bhavana.BarclaysAssignment;
				PRODUCT_NAME = "$(TARGET_NAME)";
				SWIFT_EMIT_LOC_STRINGS = YES;
				SWIFT_VERSION = 5.0;
				TARGETED_DEVICE_FAMILY = "1,2";
			};
			name = Release;
		};
		4152EC68293E4C2E00174F9F /* Debug */ = {
			isa = XCBuildConfiguration;
			buildSettings = {
				ALWAYS_EMBED_SWIFT_STANDARD_LIBRARIES = YES;
				BUNDLE_LOADER = "$(TEST_HOST)";
				CODE_SIGN_STYLE = Automatic;
				CURRENT_PROJECT_VERSION = 1;
				GENERATE_INFOPLIST_FILE = YES;
				IPHONEOS_DEPLOYMENT_TARGET = 16.0;
				MARKETING_VERSION = 1.0;
				PRODUCT_BUNDLE_IDENTIFIER = bhavana.BarclaysAssignmentTests;
				PRODUCT_NAME = "$(TARGET_NAME)";
				SWIFT_EMIT_LOC_STRINGS = NO;
				SWIFT_VERSION = 5.0;
				TARGETED_DEVICE_FAMILY = "1,2";
				TEST_HOST = "$(BUILT_PRODUCTS_DIR)/BarclaysAssignment.app/$(BUNDLE_EXECUTABLE_FOLDER_PATH)/BarclaysAssignment";
			};
			name = Debug;
		};
		4152EC69293E4C2E00174F9F /* Release */ = {
			isa = XCBuildConfiguration;
			buildSettings = {
				ALWAYS_EMBED_SWIFT_STANDARD_LIBRARIES = YES;
				BUNDLE_LOADER = "$(TEST_HOST)";
				CODE_SIGN_STYLE = Automatic;
				CURRENT_PROJECT_VERSION = 1;
				GENERATE_INFOPLIST_FILE = YES;
				IPHONEOS_DEPLOYMENT_TARGET = 16.0;
				MARKETING_VERSION = 1.0;
				PRODUCT_BUNDLE_IDENTIFIER = bhavana.BarclaysAssignmentTests;
				PRODUCT_NAME = "$(TARGET_NAME)";
				SWIFT_EMIT_LOC_STRINGS = NO;
				SWIFT_VERSION = 5.0;
				TARGETED_DEVICE_FAMILY = "1,2";
				TEST_HOST = "$(BUILT_PRODUCTS_DIR)/BarclaysAssignment.app/$(BUNDLE_EXECUTABLE_FOLDER_PATH)/BarclaysAssignment";
			};
			name = Release;
		};
		4152EC6B293E4C2E00174F9F /* Debug */ = {
			isa = XCBuildConfiguration;
			buildSettings = {
				ALWAYS_EMBED_SWIFT_STANDARD_LIBRARIES = YES;
				CODE_SIGN_STYLE = Automatic;
				CURRENT_PROJECT_VERSION = 1;
				GENERATE_INFOPLIST_FILE = YES;
				MARKETING_VERSION = 1.0;
				PRODUCT_BUNDLE_IDENTIFIER = bhavana.BarclaysAssignmentUITests;
				PRODUCT_NAME = "$(TARGET_NAME)";
				SWIFT_EMIT_LOC_STRINGS = NO;
				SWIFT_VERSION = 5.0;
				TARGETED_DEVICE_FAMILY = "1,2";
				TEST_TARGET_NAME = BarclaysAssignment;
			};
			name = Debug;
		};
		4152EC6C293E4C2E00174F9F /* Release */ = {
			isa = XCBuildConfiguration;
			buildSettings = {
				ALWAYS_EMBED_SWIFT_STANDARD_LIBRARIES = YES;
				CODE_SIGN_STYLE = Automatic;
				CURRENT_PROJECT_VERSION = 1;
				GENERATE_INFOPLIST_FILE = YES;
				MARKETING_VERSION = 1.0;
				PRODUCT_BUNDLE_IDENTIFIER = bhavana.BarclaysAssignmentUITests;
				PRODUCT_NAME = "$(TARGET_NAME)";
				SWIFT_EMIT_LOC_STRINGS = NO;
				SWIFT_VERSION = 5.0;
				TARGETED_DEVICE_FAMILY = "1,2";
				TEST_TARGET_NAME = BarclaysAssignment;
			};
			name = Release;
		};
/* End XCBuildConfiguration section */

/* Begin XCConfigurationList section */
		4152EC32293E4C2D00174F9F /* Build configuration list for PBXProject "BarclaysAssignment" */ = {
			isa = XCConfigurationList;
			buildConfigurations = (
				4152EC62293E4C2E00174F9F /* Debug */,
				4152EC63293E4C2E00174F9F /* Release */,
			);
			defaultConfigurationIsVisible = 0;
			defaultConfigurationName = Release;
		};
		4152EC64293E4C2E00174F9F /* Build configuration list for PBXNativeTarget "BarclaysAssignment" */ = {
			isa = XCConfigurationList;
			buildConfigurations = (
				4152EC65293E4C2E00174F9F /* Debug */,
				4152EC66293E4C2E00174F9F /* Release */,
			);
			defaultConfigurationIsVisible = 0;
			defaultConfigurationName = Release;
		};
		4152EC67293E4C2E00174F9F /* Build configuration list for PBXNativeTarget "BarclaysAssignmentTests" */ = {
			isa = XCConfigurationList;
			buildConfigurations = (
				4152EC68293E4C2E00174F9F /* Debug */,
				4152EC69293E4C2E00174F9F /* Release */,
			);
			defaultConfigurationIsVisible = 0;
			defaultConfigurationName = Release;
		};
		4152EC6A293E4C2E00174F9F /* Build configuration list for PBXNativeTarget "BarclaysAssignmentUITests" */ = {
			isa = XCConfigurationList;
			buildConfigurations = (
				4152EC6B293E4C2E00174F9F /* Debug */,
				4152EC6C293E4C2E00174F9F /* Release */,
			);
			defaultConfigurationIsVisible = 0;
			defaultConfigurationName = Release;
		};
/* End XCConfigurationList section */

/* Begin XCVersionGroup section */
		4152EC43293E4C2D00174F9F /* BarclaysAssignment.xcdatamodeld */ = {
			isa = XCVersionGroup;
			children = (
				4152EC44293E4C2D00174F9F /* BarclaysAssignment.xcdatamodel */,
			);
			currentVersion = 4152EC44293E4C2D00174F9F /* BarclaysAssignment.xcdatamodel */;
			path = BarclaysAssignment.xcdatamodeld;
			sourceTree = "<group>";
			versionGroupType = wrapper.xcdatamodel;
		};
/* End XCVersionGroup section */
	};
	rootObject = 4152EC2F293E4C2D00174F9F /* Project object */;
}
